
Microsoft Visual Studio Solution File, Format Version 12.00
# Visual Studio Version 17
VisualStudioVersion = 17.0.32014.148
MinimumVisualStudioVersion = 10.0.40219.1
Project("{FAE04EC0-301F-11D3-BF4B-00C04F79EFBC}") = "Anyfile To WAV", "Anyfile To WAV\Anyfile To WAV.csproj", "{C3F43105-3F20-4588-BA26-500C50EF8900}"
EndProject
Global
	GlobalSection(SolutionConfigurationPlatforms) = preSolution
		Debug|Any CPU = Debug|Any CPU
		Release|Any CPU = Release|Any CPU
	EndGlobalSection
	GlobalSection(ProjectConfigurationPlatforms) = postSolution
		{C3F43105-3F20-4588-BA26-500C50EF8900}.Debug|Any CPU.ActiveCfg = Debug|Any CPU
		{C3F43105-3F20-4588-BA26-500C50EF8900}.Debug|Any CPU.Build.0 = Debug|Any CPU
		{C3F43105-3F20-4588-BA26-500C50EF8900}.Release|Any CPU.ActiveCfg = Release|Any CPU
		{C3F43105-3F20-4588-BA26-500C50EF8900}.Release|Any CPU.Build.0 = Release|Any CPU
	EndGlobalSection
	GlobalSection(SolutionProperties) = preSolution
		HideSolutionNode = FALSE
	EndGlobalSection
	GlobalSection(ExtensibilityGlobals) = postSolution
		SolutionGuid = {797DE4C9-01D5-4789-8A14-1F1D6042A3F8}
	EndGlobalSection
EndGlobal
